<?xml version="1.0" encoding="utf-8"?>
<Project ToolsVersion="4.0" xmlns="http://schemas.microsoft.com/developer/msbuild/2003">
  <ItemGroup>
    <Filter Include="源文件">
      <UniqueIdentifier>{4FC737F1-C7A5-4376-A066-2A32D752A2FF}</UniqueIdentifier>
      <Extensions>cpp;c;cc;cxx;c++;cppm;ixx;def;odl;idl;hpj;bat;asm;asmx</Extensions>
    </Filter>
    <Filter Include="头文件">
      <UniqueIdentifier>{93995380-89BD-4b04-88EB-625FBE52EBFB}</UniqueIdentifier>
      <Extensions>h;hh;hpp;hxx;h++;hm;inl;inc;ipp;xsd</Extensions>
    </Filter>
    <Filter Include="资源文件">
      <UniqueIdentifier>{67DA6AB6-F800-4c08-8B7A-83BB121AAD01}</UniqueIdentifier>
      <Extensions>rc;ico;cur;bmp;dlg;rc2;rct;bin;rgs;gif;jpg;jpeg;jpe;resx;tiff;tif;png;wav;mfcribbon-ms</Extensions>
    </Filter>
    <Filter Include="头文件\书">
      <UniqueIdentifier>{e0acd6aa-a199-44b2-9642-cae91746b72f}</UniqueIdentifier>
    </Filter>
    <Filter Include="头文件\数据结构与算法">
      <UniqueIdentifier>{713eb450-40d1-47b0-b3b7-203015d22f02}</UniqueIdentifier>
    </Filter>
    <Filter Include="头文件\数据结构与算法\算法">
      <UniqueIdentifier>{bda798df-68be-48a9-a77d-103e4a6850de}</UniqueIdentifier>
    </Filter>
    <Filter Include="头文件\数据结构与算法\模板库">
      <UniqueIdentifier>{bef0efe5-3150-4b01-b7f7-44c198d256e9}</UniqueIdentifier>
    </Filter>
    <Filter Include="头文件\数据结构与算法\模板库\数据结构">
      <UniqueIdentifier>{d01d9a6f-3a3c-4522-a6a5-8d9bc1f1ca38}</UniqueIdentifier>
    </Filter>
  </ItemGroup>
  <ItemGroup>
    <ClCompile Include="Project1.cpp">
      <Filter>源文件</Filter>
    </ClCompile>
    <ClCompile Include="Project2.cpp">
      <Filter>源文件</Filter>
    </ClCompile>
    <ClCompile Include="bitOprea.cpp">
      <Filter>源文件</Filter>
    </ClCompile>
    <ClCompile Include="Project3.cpp">
      <Filter>源文件</Filter>
    </ClCompile>
    <ClCompile Include="vect.cpp">
      <Filter>源文件</Filter>
    </ClCompile>
    <ClCompile Include="tabtenn0.cpp">
      <Filter>源文件</Filter>
    </ClCompile>
    <ClCompile Include="Project4.cpp">
      <Filter>源文件</Filter>
    </ClCompile>
    <ClCompile Include="PascalsTriangle.cpp">
      <Filter>源文件</Filter>
    </ClCompile>
    <ClCompile Include="brass.cpp">
      <Filter>源文件</Filter>
    </ClCompile>
    <ClCompile Include="accabc.cpp">
      <Filter>源文件</Filter>
    </ClCompile>
    <ClCompile Include="Project5.cpp">
      <Filter>源文件</Filter>
    </ClCompile>
    <ClCompile Include="classic.cpp">
      <Filter>源文件</Filter>
    </ClCompile>
    <ClCompile Include="Project6.cpp">
      <Filter>源文件</Filter>
    </ClCompile>
    <ClCompile Include="Testing.cpp">
      <Filter>源文件</Filter>
    </ClCompile>
    <ClCompile Include="leetcode.cpp">
      <Filter>源文件</Filter>
    </ClCompile>
    <ClCompile Include="rb_treeTest.cpp">
      <Filter>源文件</Filter>
    </ClCompile>
  </ItemGroup>
  <ItemGroup>
    <ClInclude Include="accabc.h">
      <Filter>头文件\书</Filter>
    </ClInclude>
    <ClInclude Include="brass.h">
      <Filter>头文件\书</Filter>
    </ClInclude>
    <ClInclude Include="classic.h">
      <Filter>头文件\书</Filter>
    </ClInclude>
    <ClInclude Include="String.h">
      <Filter>头文件\书</Filter>
    </ClInclude>
    <ClInclude Include="tabtenn0.h">
      <Filter>头文件\书</Filter>
    </ClInclude>
    <ClInclude Include="vect.h">
      <Filter>头文件\书</Filter>
    </ClInclude>
    <ClInclude Include="PascalsTriangle.h">
      <Filter>头文件\书</Filter>
    </ClInclude>
    <ClInclude Include="graph.h">
      <Filter>头文件\数据结构与算法\模板库\数据结构</Filter>
    </ClInclude>
    <ClInclude Include="bitOprea.h">
      <Filter>头文件\数据结构与算法\算法</Filter>
    </ClInclude>
    <ClInclude Include="fakedstl.h">
      <Filter>头文件\数据结构与算法\模板库</Filter>
    </ClInclude>
    <ClInclude Include="rbtree.h">
      <Filter>头文件\数据结构与算法\模板库\数据结构</Filter>
    </ClInclude>
    <ClInclude Include="unionfindnode.h">
      <Filter>头文件\数据结构与算法\模板库\数据结构</Filter>
    </ClInclude>
    <ClInclude Include="linearlist.h">
      <Filter>头文件\数据结构与算法\模板库\数据结构</Filter>
    </ClInclude>
  </ItemGroup>
</Project>